// !$*UTF8*$!
{
	archiveVersion = 1;
	classes = {
	};
	objectVersion = 56;
	objects = {

/* Begin PBXBuildFile section */
		1300489B2F1D28A80085CC1A /* Models.swift in Sources */ = {isa = PBXBuildFile; fileRef = 130048992F1D28A80085CC1A /* Models.swift */; };
		1300489C2F1D28A80085CC1A /* OddsService.swift in Sources */ = {isa = PBXBuildFile; fileRef = 1300489A2F1D28A80085CC1A /* OddsService.swift */; };
		130048A52F1D28B90085CC1A /* BetSheet.swift in Sources */ = {isa = PBXBuildFile; fileRef = 1300489D2F1D28B70085CC1A /* BetSheet.swift */; };
		130048A62F1D28B90085CC1A /* ProfileView.swift in Sources */ = {isa = PBXBuildFile; fileRef = 1300489E2F1D28B70085CC1A /* ProfileView.swift */; };
		130048A72F1D28B90085CC1A /* ContentView.swift in Sources */ = {isa = PBXBuildFile; fileRef = 1300489F2F1D28B80085CC1A /* ContentView.swift */; };
		130048A82F1D28B90085CC1A /* PreferencesView.swift in Sources */ = {isa = PBXBuildFile; fileRef = 130048A02F1D28B80085CC1A /* PreferencesView.swift */; };
		130048A92F1D28B90085CC1A /* SlipDetailView.swift in Sources */ = {isa = PBXBuildFile; fileRef = 130048A12F1D28B80085CC1A /* SlipDetailView.swift */; };
		130048AA2F1D28B90085CC1A /* SportPredixApp.swift in Sources */ = {isa = PBXBuildFile; fileRef = 130048A22F1D28B80085CC1A /* SportPredixApp.swift */; };
		130048AB2F1D28B90085CC1A /* MatchDetailsView.swift in Sources */ = {isa = PBXBuildFile; fileRef = 130048A32F1D28B80085CC1A /* MatchDetailsView.swift */; };
		130048AC2F1D28B90085CC1A /* GameView.swift in Sources */ = {isa = PBXBuildFile; fileRef = 130048A42F1D28B90085CC1A /* GameView.swift */; };
		136C9E792F156C32006386A3 /* Assets.xcassets in Resources */ = {isa = PBXBuildFile; fileRef = 136C9E782F156C32006386A3 /* Assets.xcassets */; };
		136C9E7C2F156C32006386A3 /* Preview Assets.xcassets in Resources */ = {isa = PBXBuildFile; fileRef = 136C9E7B2F156C32006386A3 /* Preview Assets.xcassets */; };
/* End PBXBuildFile section */

/* Begin PBXFileReference section */
		130048992F1D28A80085CC1A /* Models.swift */ = {isa = PBXFileReference; fileEncoding = 4; lastKnownFileType = sourcecode.swift; path = Models.swift; sourceTree = "<group>"; };
		1300489A2F1D28A80085CC1A /* OddsService.swift */ = {isa = PBXFileReference; fileEncoding = 4; lastKnownFileType = sourcecode.swift; path = OddsService.swift; sourceTree = "<group>"; };
		1300489D2F1D28B70085CC1A /* BetSheet.swift */ = {isa = PBXFileReference; fileEncoding = 4; lastKnownFileType = sourcecode.swift; path = BetSheet.swift; sourceTree = "<group>"; };
		1300489E2F1D28B70085CC1A /* ProfileView.swift */ = {isa = PBXFileReference; fileEncoding = 4; lastKnownFileType = sourcecode.swift; path = ProfileView.swift; sourceTree = "<group>"; };
		1300489F2F1D28B80085CC1A /* ContentView.swift */ = {isa = PBXFileReference; fileEncoding = 4; lastKnownFileType = sourcecode.swift; path = ContentView.swift; sourceTree = "<group>"; };
		130048A02F1D28B80085CC1A /* PreferencesView.swift */ = {isa = PBXFileReference; fileEncoding = 4; lastKnownFileType = sourcecode.swift; path = PreferencesView.swift; sourceTree = "<group>"; };
		130048A12F1D28B80085CC1A /* SlipDetailView.swift */ = {isa = PBXFileReference; fileEncoding = 4; lastKnownFileType = sourcecode.swift; path = SlipDetailView.swift; sourceTree = "<group>"; };
		130048A22F1D28B80085CC1A /* SportPredixApp.swift */ = {isa = PBXFileReference; fileEncoding = 4; lastKnownFileType = sourcecode.swift; path = SportPredixApp.swift; sourceTree = "<group>"; };
		130048A32F1D28B80085CC1A /* MatchDetailsView.swift */ = {isa = PBXFileReference; fileEncoding = 4; lastKnownFileType = sourcecode.swift; path = MatchDetailsView.swift; sourceTree = "<group>"; };
		130048A42F1D28B90085CC1A /* GameView.swift */ = {isa = PBXFileReference; fileEncoding = 4; lastKnownFileType = sourcecode.swift; path = GameView.swift; sourceTree = "<group>"; };
		136C9E712F156C29006386A3 /* SportPredix.app */ = {isa = PBXFileReference; explicitFileType = wrapper.application; includeInIndex = 0; path = SportPredix.app; sourceTree = BUILT_PRODUCTS_DIR; };
		136C9E782F156C32006386A3 /* Assets.xcassets */ = {isa = PBXFileReference; lastKnownFileType = folder.assetcatalog; path = Assets.xcassets; sourceTree = "<group>"; };
		136C9E7B2F156C32006386A3 /* Preview Assets.xcassets */ = {isa = PBXFileReference; lastKnownFileType = folder.assetcatalog; path = "Preview Assets.xcassets"; sourceTree = "<group>"; };
/* End PBXFileReference section */

/* Begin PBXFrameworksBuildPhase section */
		136C9E6E2F156C29006386A3 /* Frameworks */ = {
			isa = PBXFrameworksBuildPhase;
			buildActionMask = 2147483647;
			files = (
			);
			runOnlyForDeploymentPostprocessing = 0;
		};
/* End PBXFrameworksBuildPhase section */

/* Begin PBXGroup section */
		136C9E682F156C29006386A3 = {
			isa = PBXGroup;
			children = (
				136C9E732F156C29006386A3 /* SportPredix */,
				136C9E722F156C29006386A3 /* Products */,
			);
			sourceTree = "<group>";
		};
		136C9E722F156C29006386A3 /* Products */ = {
			isa = PBXGroup;
			children = (
				136C9E712F156C29006386A3 /* SportPredix.app */,
			);
			name = Products;
			sourceTree = "<group>";
		};
		136C9E732F156C29006386A3 /* SportPredix */ = {
			isa = PBXGroup;
			children = (
				130048992F1D28A80085CC1A /* Models.swift */,
				1300489A2F1D28A80085CC1A /* OddsService.swift */,
				1300489D2F1D28B70085CC1A /* BetSheet.swift */,
				1300489F2F1D28B80085CC1A /* ContentView.swift */,
				130048A42F1D28B90085CC1A /* GameView.swift */,
				130048A32F1D28B80085CC1A /* MatchDetailsView.swift */,
				130048A02F1D28B80085CC1A /* PreferencesView.swift */,
				1300489E2F1D28B70085CC1A /* ProfileView.swift */,
				130048A12F1D28B80085CC1A /* SlipDetailView.swift */,
				130048A22F1D28B80085CC1A /* SportPredixApp.swift */,
				136C9E782F156C32006386A3 /* Assets.xcassets */,
				136C9E7A2F156C32006386A3 /* Preview Content */,
			);
			path = SportPredix;
			sourceTree = "<group>";
		};
		136C9E7A2F156C32006386A3 /* Preview Content */ = {
			isa = PBXGroup;
			children = (
				136C9E7B2F156C32006386A3 /* Preview Assets.xcassets */,
			);
			path = "Preview Content";
			sourceTree = "<group>";
		};
/* End PBXGroup section */

/* Begin PBXNativeTarget section */
		136C9E702F156C29006386A3 /* SportPredix */ = {
			isa = PBXNativeTarget;
			buildConfigurationList = 136C9E7F2F156C32006386A3 /* Build configuration list for PBXNativeTarget "SportPredix" */;
			buildPhases = (
				136C9E6D2F156C29006386A3 /* Sources */,
				136C9E6E2F156C29006386A3 /* Frameworks */,
				136C9E6F2F156C29006386A3 /* Resources */,
			);
			buildRules = (
			);
			dependencies = (
			);
			name = SportPredix;
			productName = SportPredix;
			productReference = 136C9E712F156C29006386A3 /* SportPredix.app */;
			productType = "com.apple.product-type.application";
		};
/* End PBXNativeTarget section */

/* Begin PBXProject section */
		136C9E692F156C29006386A3 /* Project object */ = {
			isa = PBXProject;
			attributes = {
				BuildIndependentTargetsInParallel = 1;
				LastSwiftUpdateCheck = 1520;
				LastUpgradeCheck = 1520;
				TargetAttributes = {
					136C9E702F156C29006386A3 = {
						CreatedOnToolsVersion = 15.2;
					};
				};
			};
			buildConfigurationList = 136C9E6C2F156C29006386A3 /* Build configuration list for PBXProject "SportPredix" */;
			compatibilityVersion = "Xcode 14.0";
			developmentRegion = en;
			hasScannedForEncodings = 0;
			knownRegions = (
				en,
				Base,
			);
			mainGroup = 136C9E682F156C29006386A3;
			productRefGroup = 136C9E722F156C29006386A3 /* Products */;
			projectDirPath = "";
			projectRoot = "";
			targets = (
				136C9E702F156C29006386A3 /* SportPredix */,
			);
		};
/* End PBXProject section */

/* Begin PBXResourcesBuildPhase section */
		136C9E6F2F156C29006386A3 /* Resources */ = {
			isa = PBXResourcesBuildPhase;
			buildActionMask = 2147483647;
			files = (
				136C9E7C2F156C32006386A3 /* Preview Assets.xcassets in Resources */,
				136C9E792F156C32006386A3 /* Assets.xcassets in Resources */,
			);
			runOnlyForDeploymentPostprocessing = 0;
		};
/* End PBXResourcesBuildPhase section */

/* Begin PBXSourcesBuildPhase section */
		136C9E6D2F156C29006386A3 /* Sources */ = {
			isa = PBXSourcesBuildPhase;
			buildActionMask = 2147483647;
			files = (
				130048AB2F1D28B90085CC1A /* MatchDetailsView.swift in Sources */,
				130048A62F1D28B90085CC1A /* ProfileView.swift in Sources */,
				130048A82F1D28B90085CC1A /* PreferencesView.swift in Sources */,
				130048A92F1D28B90085CC1A /* SlipDetailView.swift in Sources */,
				130048AC2F1D28B90085CC1A /* GameView.swift in Sources */,
				130048A72F1D28B90085CC1A /* ContentView.swift in Sources */,
				130048AA2F1D28B90085CC1A /* SportPredixApp.swift in Sources */,
				1300489C2F1D28A80085CC1A /* OddsService.swift in Sources */,
				1300489B2F1D28A80085CC1A /* Models.swift in Sources */,
				130048A52F1D28B90085CC1A /* BetSheet.swift in Sources */,
			);
			runOnlyForDeploymentPostprocessing = 0;
		};
/* End PBXSourcesBuildPhase section */

/* Begin XCBuildConfiguration section */
		136C9E7D2F156C32006386A3 /* Debug */ = {
			isa = XCBuildConfiguration;
			buildSettings = {
				ALWAYS_SEARCH_USER_PATHS = NO;
				ASSETCATALOG_COMPILER_GENERATE_SWIFT_ASSET_SYMBOL_EXTENSIONS = YES;
				CLANG_ANALYZER_NONNULL = YES;
				CLANG_ANALYZER_NUMBER_OBJECT_CONVERSION = YES_AGGRESSIVE;
				CLANG_CXX_LANGUAGE_STANDARD = "gnu++20";
				CLANG_ENABLE_MODULES = YES;
				CLANG_ENABLE_OBJC_ARC = YES;
				CLANG_ENABLE_OBJC_WEAK = YES;
				CLANG_WARN_BLOCK_CAPTURE_AUTORELEASING = YES;
				CLANG_WARN_BOOL_CONVERSION = YES;
				CLANG_WARN_COMMA = YES;
				CLANG_WARN_CONSTANT_CONVERSION = YES;
				CLANG_WARN_DEPRECATED_OBJC_IMPLEMENTATIONS = YES;
				CLANG_WARN_DIRECT_OBJC_ISA_USAGE = YES_ERROR;
				CLANG_WARN_DOCUMENTATION_COMMENTS = YES;
				CLANG_WARN_EMPTY_BODY = YES;
				CLANG_WARN_ENUM_CONVERSION = YES;
				CLANG_WARN_INFINITE_RECURSION = YES;
				CLANG_WARN_INT_CONVERSION = YES;
				CLANG_WARN_NON_LITERAL_NULL_CONVERSION = YES;
				CLANG_WARN_OBJC_IMPLICIT_RETAIN_SELF = YES;
				CLANG_WARN_OBJC_LITERAL_CONVERSION = YES;
				CLANG_WARN_OBJC_ROOT_CLASS = YES_ERROR;
				CLANG_WARN_QUOTED_INCLUDE_IN_FRAMEWORK_HEADER = YES;
				CLANG_WARN_RANGE_LOOP_ANALYSIS = YES;
				CLANG_WARN_STRICT_PROTOTYPES = YES;
				CLANG_WARN_SUSPICIOUS_MOVE = YES;
				CLANG_WARN_UNGUARDED_AVAILABILITY = YES_AGGRESSIVE;
				CLANG_WARN_UNREACHABLE_CODE = YES;
				CLANG_WARN__DUPLICATE_METHOD_MATCH = YES;
				COPY_PHASE_STRIP = NO;
				DEBUG_INFORMATION_FORMAT = dwarf;
				ENABLE_STRICT_OBJC_MSGSEND = YES;
				ENABLE_TESTABILITY = YES;
				ENABLE_USER_SCRIPT_SANDBOXING = YES;
				GCC_C_LANGUAGE_STANDARD = gnu17;
				GCC_DYNAMIC_NO_PIC = NO;
				GCC_NO_COMMON_BLOCKS = YES;
				GCC_OPTIMIZATION_LEVEL = 0;
				GCC_PREPROCESSOR_DEFINITIONS = (
					"DEBUG=1",
					"$(inherited)",
				);
				GCC_WARN_64_TO_32_BIT_CONVERSION = YES;
				GCC_WARN_ABOUT_RETURN_TYPE = YES_ERROR;
				GCC_WARN_UNDECLARED_SELECTOR = YES;
				GCC_WARN_UNINITIALIZED_AUTOS = YES_AGGRESSIVE;
				GCC_WARN_UNUSED_FUNCTION = YES;
				GCC_WARN_UNUSED_VARIABLE = YES;
				IPHONEOS_DEPLOYMENT_TARGET = 17.2;
				LOCALIZATION_PREFERS_STRING_CATALOGS = YES;
				MTL_ENABLE_DEBUG_INFO = INCLUDE_SOURCE;
				MTL_FAST_MATH = YES;
				ONLY_ACTIVE_ARCH = YES;
				SDKROOT = iphoneos;
				SWIFT_ACTIVE_COMPILATION_CONDITIONS = "DEBUG $(inherited)";
				SWIFT_OPTIMIZATION_LEVEL = "-Onone";
			};
			name = Debug;
		};
		136C9E7E2F156C32006386A3 /* Release */ = {
			isa = XCBuildConfiguration;
			buildSettings = {
				ALWAYS_SEARCH_USER_PATHS = NO;
				ASSETCATALOG_COMPILER_GENERATE_SWIFT_ASSET_SYMBOL_EXTENSIONS = YES;
				CLANG_ANALYZER_NONNULL = YES;
				CLANG_ANALYZER_NUMBER_OBJECT_CONVERSION = YES_AGGRESSIVE;
				CLANG_CXX_LANGUAGE_STANDARD = "gnu++20";
				CLANG_ENABLE_MODULES = YES;
				CLANG_ENABLE_OBJC_ARC = YES;
				CLANG_ENABLE_OBJC_WEAK = YES;
				CLANG_WARN_BLOCK_CAPTURE_AUTORELEASING = YES;
				CLANG_WARN_BOOL_CONVERSION = YES;
				CLANG_WARN_COMMA = YES;
				CLANG_WARN_CONSTANT_CONVERSION = YES;
				CLANG_WARN_DEPRECATED_OBJC_IMPLEMENTATIONS = YES;
				CLANG_WARN_DIRECT_OBJC_ISA_USAGE = YES_ERROR;
				CLANG_WARN_DOCUMENTATION_COMMENTS = YES;
				CLANG_WARN_EMPTY_BODY = YES;
				CLANG_WARN_ENUM_CONVERSION = YES;
				CLANG_WARN_INFINITE_RECURSION = YES;
				CLANG_WARN_INT_CONVERSION = YES;
				CLANG_WARN_NON_LITERAL_NULL_CONVERSION = YES;
				CLANG_WARN_OBJC_IMPLICIT_RETAIN_SELF = YES;
				CLANG_WARN_OBJC_LITERAL_CONVERSION = YES;
				CLANG_WARN_OBJC_ROOT_CLASS = YES_ERROR;
				CLANG_WARN_QUOTED_INCLUDE_IN_FRAMEWORK_HEADER = YES;
				CLANG_WARN_RANGE_LOOP_ANALYSIS = YES;
				CLANG_WARN_STRICT_PROTOTYPES = YES;
				CLANG_WARN_SUSPICIOUS_MOVE = YES;
				CLANG_WARN_UNGUARDED_AVAILABILITY = YES_AGGRESSIVE;
				CLANG_WARN_UNREACHABLE_CODE = YES;
				CLANG_WARN__DUPLICATE_METHOD_MATCH = YES;
				COPY_PHASE_STRIP = NO;
				DEBUG_INFORMATION_FORMAT = "dwarf-with-dsym";
				ENABLE_NS_ASSERTIONS = NO;
				ENABLE_STRICT_OBJC_MSGSEND = YES;
				ENABLE_USER_SCRIPT_SANDBOXING = YES;
				GCC_C_LANGUAGE_STANDARD = gnu17;
				GCC_NO_COMMON_BLOCKS = YES;
				GCC_WARN_64_TO_32_BIT_CONVERSION = YES;
				GCC_WARN_ABOUT_RETURN_TYPE = YES_ERROR;
				GCC_WARN_UNDECLARED_SELECTOR = YES;
				GCC_WARN_UNINITIALIZED_AUTOS = YES_AGGRESSIVE;
				GCC_WARN_UNUSED_FUNCTION = YES;
				GCC_WARN_UNUSED_VARIABLE = YES;
				IPHONEOS_DEPLOYMENT_TARGET = 17.2;
				LOCALIZATION_PREFERS_STRING_CATALOGS = YES;
				MTL_ENABLE_DEBUG_INFO = NO;
				MTL_FAST_MATH = YES;
				SDKROOT = iphoneos;
				SWIFT_COMPILATION_MODE = wholemodule;
				VALIDATE_PRODUCT = YES;
			};
			name = Release;
		};
		136C9E802F156C32006386A3 /* Debug */ = {
			isa = XCBuildConfiguration;
			buildSettings = {
				ASSETCATALOG_COMPILER_APPICON_NAME = AppIcon;
				ASSETCATALOG_COMPILER_GLOBAL_ACCENT_COLOR_NAME = AccentColor;
				CODE_SIGN_STYLE = Automatic;
				CURRENT_PROJECT_VERSION = 1;
				DEVELOPMENT_ASSET_PATHS = "\"SportPredix/Preview Content\"";
				DEVELOPMENT_TEAM = "";
				ENABLE_PREVIEWS = YES;
				GENERATE_INFOPLIST_FILE = YES;
				INFOPLIST_KEY_UIApplicationSceneManifest_Generation = YES;
				INFOPLIST_KEY_UIApplicationSupportsIndirectInputEvents = YES;
				INFOPLIST_KEY_UILaunchScreen_Generation = YES;
				INFOPLIST_KEY_UISupportedInterfaceOrientations_iPad = "UIInterfaceOrientationPortrait UIInterfaceOrientationPortraitUpsideDown UIInterfaceOrientationLandscapeLeft UIInterfaceOrientationLandscapeRight";
				INFOPLIST_KEY_UISupportedInterfaceOrientations_iPhone = "UIInterfaceOrientationPortrait UIInterfaceOrientationLandscapeLeft UIInterfaceOrientationLandscapeRight";
				LD_RUNPATH_SEARCH_PATHS = (
					"$(inherited)",
					"@executable_path/Frameworks",
				);
				MARKETING_VERSION = 1.0;
				PRODUCT_BUNDLE_IDENTIFIER = com.formatiks.SportPredix;
				PRODUCT_NAME = "$(TARGET_NAME)";
				SWIFT_EMIT_LOC_STRINGS = YES;
				SWIFT_VERSION = 5.0;
				TARGETED_DEVICE_FAMILY = "1,2";
			};
			name = Debug;
		};
		136C9E812F156C32006386A3 /* Release */ = {
			isa = XCBuildConfiguration;
			buildSettings = {
				ASSETCATALOG_COMPILER_APPICON_NAME = AppIcon;
				ASSETCATALOG_COMPILER_GLOBAL_ACCENT_COLOR_NAME = AccentColor;
				CODE_SIGN_STYLE = Automatic;
				CURRENT_PROJECT_VERSION = 1;
				DEVELOPMENT_ASSET_PATHS = "\"SportPredix/Preview Content\"";
				DEVELOPMENT_TEAM = "";
				ENABLE_PREVIEWS = YES;
				GENERATE_INFOPLIST_FILE = YES;
				INFOPLIST_KEY_UIApplicationSceneManifest_Generation = YES;
				INFOPLIST_KEY_UIApplicationSupportsIndirectInputEvents = YES;
				INFOPLIST_KEY_UILaunchScreen_Generation = YES;
				INFOPLIST_KEY_UISupportedInterfaceOrientations_iPad = "UIInterfaceOrientationPortrait UIInterfaceOrientationPortraitUpsideDown UIInterfaceOrientationLandscapeLeft UIInterfaceOrientationLandscapeRight";
				INFOPLIST_KEY_UISupportedInterfaceOrientations_iPhone = "UIInterfaceOrientationPortrait UIInterfaceOrientationLandscapeLeft UIInterfaceOrientationLandscapeRight";
				LD_RUNPATH_SEARCH_PATHS = (
					"$(inherited)",
					"@executable_path/Frameworks",
				);
				MARKETING_VERSION = 1.0;
				PRODUCT_BUNDLE_IDENTIFIER = com.formatiks.SportPredix;
				PRODUCT_NAME = "$(TARGET_NAME)";
				SWIFT_EMIT_LOC_STRINGS = YES;
				SWIFT_VERSION = 5.0;
				TARGETED_DEVICE_FAMILY = "1,2";
			};
			name = Release;
		};
/* End XCBuildConfiguration section */

/* Begin XCConfigurationList section */
		136C9E6C2F156C29006386A3 /* Build configuration list for PBXProject "SportPredix" */ = {
			isa = XCConfigurationList;
			buildConfigurations = (
				136C9E7D2F156C32006386A3 /* Debug */,
				136C9E7E2F156C32006386A3 /* Release */,
			);
			defaultConfigurationIsVisible = 0;
			defaultConfigurationName = Release;
		};
		136C9E7F2F156C32006386A3 /* Build configuration list for PBXNativeTarget "SportPredix" */ = {
			isa = XCConfigurationList;
			buildConfigurations = (
				136C9E802F156C32006386A3 /* Debug */,
				136C9E812F156C32006386A3 /* Release */,
			);
			defaultConfigurationIsVisible = 0;
			defaultConfigurationName = Release;
		};
/* End XCConfigurationList section */
	};
	rootObject = 136C9E692F156C29006386A3 /* Project object */;
}
